# THIS IS AN AUTOGENERATED FILE. DO NOT EDIT THIS FILE DIRECTLY.
# yarn lockfile v1


"@angular/router@^4.0.0":
  version "4.1.3"
  resolved "https://registry.yarnpkg.com/@angular/router/-/router-4.1.3.tgz#ddafd46ae7ccc8b1f74904ffb45f394e44625216"

angular2-uuid@^1.1.1:
  version "1.1.1"
  resolved "https://registry.yarnpkg.com/angular2-uuid/-/angular2-uuid-1.1.1.tgz#72f03cd532b7f40032eb1ecfb9f8457384be956e"

ng2-file-upload@^1.2.0:
  version "1.2.1"
  resolved "https://registry.yarnpkg.com/ng2-file-upload/-/ng2-file-upload-1.2.1.tgz#5563c5dfd6f43fbfbe815c206e343464a0a6a197"

ngx-modal@^0.0.29:
  version "0.0.29"
  resolved "https://registry.yarnpkg.com/ngx-modal/-/ngx-modal-0.0.29.tgz#698aa252a79323a0ca47ad4ddee994d620ae6f15"

tinymce@^4.5.6:
  version "4.6.1"
  resolved "https://registry.yarnpkg.com/tinymce/-/tinymce-4.6.1.tgz#1ce13834c0b5d1810581ed9c7c6de1f921d534cc"
